// !$*UTF8*$!
{
	archiveVersion = 1;
	classes = {
	};
	objectVersion = 50;
	objects = {

/* Begin PBXBuildFile section */
		422B26E523D491470051D587 /* AppDelegate.swift in Sources */ = {isa = PBXBuildFile; fileRef = 422B26E423D491470051D587 /* AppDelegate.swift */; };
		422B26E723D491470051D587 /* SceneDelegate.swift in Sources */ = {isa = PBXBuildFile; fileRef = 422B26E623D491470051D587 /* SceneDelegate.swift */; };
		422B26E923D491470051D587 /* ContentView.swift in Sources */ = {isa = PBXBuildFile; fileRef = 422B26E823D491470051D587 /* ContentView.swift */; };
		422B26EB23D4914C0051D587 /* Assets.xcassets in Resources */ = {isa = PBXBuildFile; fileRef = 422B26EA23D4914C0051D587 /* Assets.xcassets */; };
		422B26EE23D4914C0051D587 /* Preview Assets.xcassets in Resources */ = {isa = PBXBuildFile; fileRef = 422B26ED23D4914C0051D587 /* Preview Assets.xcassets */; };
		422B26F123D4914C0051D587 /* LaunchScreen.storyboard in Resources */ = {isa = PBXBuildFile; fileRef = 422B26EF23D4914C0051D587 /* LaunchScreen.storyboard */; };
		422B26FC23D4914C0051D587 /* kopuroTests.swift in Sources */ = {isa = PBXBuildFile; fileRef = 422B26FB23D4914C0051D587 /* kopuroTests.swift */; };
		422B270723D4914C0051D587 /* kopuroUITests.swift in Sources */ = {isa = PBXBuildFile; fileRef = 422B270623D4914C0051D587 /* kopuroUITests.swift */; };
/* End PBXBuildFile section */

/* Begin PBXContainerItemProxy section */
		422B26F823D4914C0051D587 /* PBXContainerItemProxy */ = {
			isa = PBXContainerItemProxy;
			containerPortal = 422B26D923D491470051D587 /* Project object */;
			proxyType = 1;
			remoteGlobalIDString = 422B26E023D491470051D587;
			remoteInfo = kopuro;
		};
		422B270323D4914C0051D587 /* PBXContainerItemProxy */ = {
			isa = PBXContainerItemProxy;
			containerPortal = 422B26D923D491470051D587 /* Project object */;
			proxyType = 1;
			remoteGlobalIDString = 422B26E023D491470051D587;
			remoteInfo = kopuro;
		};
/* End PBXContainerItemProxy section */

/* Begin PBXFileReference section */
		422B26E123D491470051D587 /* kopuro.app */ = {isa = PBXFileReference; explicitFileType = wrapper.application; includeInIndex = 0; path = kopuro.app; sourceTree = BUILT_PRODUCTS_DIR; };
		422B26E423D491470051D587 /* AppDelegate.swift */ = {isa = PBXFileReference; lastKnownFileType = sourcecode.swift; path = AppDelegate.swift; sourceTree = "<group>"; };
		422B26E623D491470051D587 /* SceneDelegate.swift */ = {isa = PBXFileReference; lastKnownFileType = sourcecode.swift; path = SceneDelegate.swift; sourceTree = "<group>"; };
		422B26E823D491470051D587 /* ContentView.swift */ = {isa = PBXFileReference; lastKnownFileType = sourcecode.swift; path = ContentView.swift; sourceTree = "<group>"; };
		422B26EA23D4914C0051D587 /* Assets.xcassets */ = {isa = PBXFileReference; lastKnownFileType = folder.assetcatalog; path = Assets.xcassets; sourceTree = "<group>"; };
		422B26ED23D4914C0051D587 /* Preview Assets.xcassets */ = {isa = PBXFileReference; lastKnownFileType = folder.assetcatalog; path = "Preview Assets.xcassets"; sourceTree = "<group>"; };
		422B26F023D4914C0051D587 /* Base */ = {isa = PBXFileReference; lastKnownFileType = file.storyboard; name = Base; path = Base.lproj/LaunchScreen.storyboard; sourceTree = "<group>"; };
		422B26F223D4914C0051D587 /* Info.plist */ = {isa = PBXFileReference; lastKnownFileType = text.plist.xml; path = Info.plist; sourceTree = "<group>"; };
		422B26F723D4914C0051D587 /* kopuroTests.xctest */ = {isa = PBXFileReference; explicitFileType = wrapper.cfbundle; includeInIndex = 0; path = kopuroTests.xctest; sourceTree = BUILT_PRODUCTS_DIR; };
		422B26FB23D4914C0051D587 /* kopuroTests.swift */ = {isa = PBXFileReference; lastKnownFileType = sourcecode.swift; path = kopuroTests.swift; sourceTree = "<group>"; };
		422B26FD23D4914C0051D587 /* Info.plist */ = {isa = PBXFileReference; lastKnownFileType = text.plist.xml; path = Info.plist; sourceTree = "<group>"; };
		422B270223D4914C0051D587 /* kopuroUITests.xctest */ = {isa = PBXFileReference; explicitFileType = wrapper.cfbundle; includeInIndex = 0; path = kopuroUITests.xctest; sourceTree = BUILT_PRODUCTS_DIR; };
		422B270623D4914C0051D587 /* kopuroUITests.swift */ = {isa = PBXFileReference; lastKnownFileType = sourcecode.swift; path = kopuroUITests.swift; sourceTree = "<group>"; };
		422B270823D4914C0051D587 /* Info.plist */ = {isa = PBXFileReference; lastKnownFileType = text.plist.xml; path = Info.plist; sourceTree = "<group>"; };
/* End PBXFileReference section */

/* Begin PBXFrameworksBuildPhase section */
		422B26DE23D491470051D587 /* Frameworks */ = {
			isa = PBXFrameworksBuildPhase;
			buildActionMask = 2147483647;
			files = (
			);
			runOnlyForDeploymentPostprocessing = 0;
		};
		422B26F423D4914C0051D587 /* Frameworks */ = {
			isa = PBXFrameworksBuildPhase;
			buildActionMask = 2147483647;
			files = (
			);
			runOnlyForDeploymentPostprocessing = 0;
		};
		422B26FF23D4914C0051D587 /* Frameworks */ = {
			isa = PBXFrameworksBuildPhase;
			buildActionMask = 2147483647;
			files = (
			);
			runOnlyForDeploymentPostprocessing = 0;
		};
/* End PBXFrameworksBuildPhase section */

/* Begin PBXGroup section */
		422B26D823D491460051D587 = {
			isa = PBXGroup;
			children = (
				422B26E323D491470051D587 /* kopuro */,
				422B26FA23D4914C0051D587 /* kopuroTests */,
				422B270523D4914C0051D587 /* kopuroUITests */,
				422B26E223D491470051D587 /* Products */,
			);
			sourceTree = "<group>";
		};
		422B26E223D491470051D587 /* Products */ = {
			isa = PBXGroup;
			children = (
				422B26E123D491470051D587 /* kopuro.app */,
				422B26F723D4914C0051D587 /* kopuroTests.xctest */,
				422B270223D4914C0051D587 /* kopuroUITests.xctest */,
			);
			name = Products;
			sourceTree = "<group>";
		};
		422B26E323D491470051D587 /* kopuro */ = {
			isa = PBXGroup;
			children = (
				422B26E423D491470051D587 /* AppDelegate.swift */,
				422B26E623D491470051D587 /* SceneDelegate.swift */,
				422B26E823D491470051D587 /* ContentView.swift */,
				422B26EA23D4914C0051D587 /* Assets.xcassets */,
				422B26EF23D4914C0051D587 /* LaunchScreen.storyboard */,
				422B26F223D4914C0051D587 /* Info.plist */,
				422B26EC23D4914C0051D587 /* Preview Content */,
			);
			path = kopuro;
			sourceTree = "<group>";
		};
		422B26EC23D4914C0051D587 /* Preview Content */ = {
			isa = PBXGroup;
			children = (
				422B26ED23D4914C0051D587 /* Preview Assets.xcassets */,
			);
			path = "Preview Content";
			sourceTree = "<group>";
		};
		422B26FA23D4914C0051D587 /* kopuroTests */ = {
			isa = PBXGroup;
			children = (
				422B26FB23D4914C0051D587 /* kopuroTests.swift */,
				422B26FD23D4914C0051D587 /* Info.plist */,
			);
			path = kopuroTests;
			sourceTree = "<group>";
		};
		422B270523D4914C0051D587 /* kopuroUITests */ = {
			isa = PBXGroup;
			children = (
				422B270623D4914C0051D587 /* kopuroUITests.swift */,
				422B270823D4914C0051D587 /* Info.plist */,
			);
			path = kopuroUITests;
			sourceTree = "<group>";
		};
/* End PBXGroup section */

/* Begin PBXNativeTarget section */
		422B26E023D491470051D587 /* kopuro */ = {
			isa = PBXNativeTarget;
			buildConfigurationList = 422B270B23D4914C0051D587 /* Build configuration list for PBXNativeTarget "kopuro" */;
			buildPhases = (
				422B26DD23D491470051D587 /* Sources */,
				422B26DE23D491470051D587 /* Frameworks */,
				422B26DF23D491470051D587 /* Resources */,
			);
			buildRules = (
			);
			dependencies = (
			);
			name = kopuro;
			productName = kopuro;
			productReference = 422B26E123D491470051D587 /* kopuro.app */;
			productType = "com.apple.product-type.application";
		};
		422B26F623D4914C0051D587 /* kopuroTests */ = {
			isa = PBXNativeTarget;
			buildConfigurationList = 422B270E23D4914C0051D587 /* Build configuration list for PBXNativeTarget "kopuroTests" */;
			buildPhases = (
				422B26F323D4914C0051D587 /* Sources */,
				422B26F423D4914C0051D587 /* Frameworks */,
				422B26F523D4914C0051D587 /* Resources */,
			);
			buildRules = (
			);
			dependencies = (
				422B26F923D4914C0051D587 /* PBXTargetDependency */,
			);
			name = kopuroTests;
			productName = kopuroTests;
			productReference = 422B26F723D4914C0051D587 /* kopuroTests.xctest */;
			productType = "com.apple.product-type.bundle.unit-test";
		};
		422B270123D4914C0051D587 /* kopuroUITests */ = {
			isa = PBXNativeTarget;
			buildConfigurationList = 422B271123D4914C0051D587 /* Build configuration list for PBXNativeTarget "kopuroUITests" */;
			buildPhases = (
				422B26FE23D4914C0051D587 /* Sources */,
				422B26FF23D4914C0051D587 /* Frameworks */,
				422B270023D4914C0051D587 /* Resources */,
			);
			buildRules = (
			);
			dependencies = (
				422B270423D4914C0051D587 /* PBXTargetDependency */,
			);
			name = kopuroUITests;
			productName = kopuroUITests;
			productReference = 422B270223D4914C0051D587 /* kopuroUITests.xctest */;
			productType = "com.apple.product-type.bundle.ui-testing";
		};
/* End PBXNativeTarget section */

/* Begin PBXProject section */
		422B26D923D491470051D587 /* Project object */ = {
			isa = PBXProject;
			attributes = {
				LastSwiftUpdateCheck = 1120;
				LastUpgradeCheck = 1120;
				ORGANIZATIONNAME = "坂本雅大";
				TargetAttributes = {
					422B26E023D491470051D587 = {
						CreatedOnToolsVersion = 11.2;
					};
					422B26F623D4914C0051D587 = {
						CreatedOnToolsVersion = 11.2;
						TestTargetID = 422B26E023D491470051D587;
					};
					422B270123D4914C0051D587 = {
						CreatedOnToolsVersion = 11.2;
						TestTargetID = 422B26E023D491470051D587;
					};
				};
			};
			buildConfigurationList = 422B26DC23D491470051D587 /* Build configuration list for PBXProject "kopuro" */;
			compatibilityVersion = "Xcode 9.3";
			developmentRegion = en;
			hasScannedForEncodings = 0;
			knownRegions = (
				en,
				Base,
			);
			mainGroup = 422B26D823D491460051D587;
			productRefGroup = 422B26E223D491470051D587 /* Products */;
			projectDirPath = "";
			projectRoot = "";
			targets = (
				422B26E023D491470051D587 /* kopuro */,
				422B26F623D4914C0051D587 /* kopuroTests */,
				422B270123D4914C0051D587 /* kopuroUITests */,
			);
		};
/* End PBXProject section */

/* Begin PBXResourcesBuildPhase section */
		422B26DF23D491470051D587 /* Resources */ = {
			isa = PBXResourcesBuildPhase;
			buildActionMask = 2147483647;
			files = (
				422B26F123D4914C0051D587 /* LaunchScreen.storyboard in Resources */,
				422B26EE23D4914C0051D587 /* Preview Assets.xcassets in Resources */,
				422B26EB23D4914C0051D587 /* Assets.xcassets in Resources */,
			);
			runOnlyForDeploymentPostprocessing = 0;
		};
		422B26F523D4914C0051D587 /* Resources */ = {
			isa = PBXResourcesBuildPhase;
			buildActionMask = 2147483647;
			files = (
			);
			runOnlyForDeploymentPostprocessing = 0;
		};
		422B270023D4914C0051D587 /* Resources */ = {
			isa = PBXResourcesBuildPhase;
			buildActionMask = 2147483647;
			files = (
			);
			runOnlyForDeploymentPostprocessing = 0;
		};
/* End PBXResourcesBuildPhase section */

/* Begin PBXSourcesBuildPhase section */
		422B26DD23D491470051D587 /* Sources */ = {
			isa = PBXSourcesBuildPhase;
			buildActionMask = 2147483647;
			files = (
				422B26E523D491470051D587 /* AppDelegate.swift in Sources */,
				422B26E723D491470051D587 /* SceneDelegate.swift in Sources */,
				422B26E923D491470051D587 /* ContentView.swift in Sources */,
			);
			runOnlyForDeploymentPostprocessing = 0;
		};
		422B26F323D4914C0051D587 /* Sources */ = {
			isa = PBXSourcesBuildPhase;
			buildActionMask = 2147483647;
			files = (
				422B26FC23D4914C0051D587 /* kopuroTests.swift in Sources */,
			);
			runOnlyForDeploymentPostprocessing = 0;
		};
		422B26FE23D4914C0051D587 /* Sources */ = {
			isa = PBXSourcesBuildPhase;
			buildActionMask = 2147483647;
			files = (
				422B270723D4914C0051D587 /* kopuroUITests.swift in Sources */,
			);
			runOnlyForDeploymentPostprocessing = 0;
		};
/* End PBXSourcesBuildPhase section */

/* Begin PBXTargetDependency section */
		422B26F923D4914C0051D587 /* PBXTargetDependency */ = {
			isa = PBXTargetDependency;
			target = 422B26E023D491470051D587 /* kopuro */;
			targetProxy = 422B26F823D4914C0051D587 /* PBXContainerItemProxy */;
		};
		422B270423D4914C0051D587 /* PBXTargetDependency */ = {
			isa = PBXTargetDependency;
			target = 422B26E023D491470051D587 /* kopuro */;
			targetProxy = 422B270323D4914C0051D587 /* PBXContainerItemProxy */;
		};
/* End PBXTargetDependency section */

/* Begin PBXVariantGroup section */
		422B26EF23D4914C0051D587 /* LaunchScreen.storyboard */ = {
			isa = PBXVariantGroup;
			children = (
				422B26F023D4914C0051D587 /* Base */,
			);
			name = LaunchScreen.storyboard;
			sourceTree = "<group>";
		};
/* End PBXVariantGroup section */

/* Begin XCBuildConfiguration section */
		422B270923D4914C0051D587 /* Debug */ = {
			isa = XCBuildConfiguration;
			buildSettings = {
				ALWAYS_SEARCH_USER_PATHS = NO;
				CLANG_ANALYZER_NONNULL = YES;
				CLANG_ANALYZER_NUMBER_OBJECT_CONVERSION = YES_AGGRESSIVE;
				CLANG_CXX_LANGUAGE_STANDARD = "gnu++14";
				CLANG_CXX_LIBRARY = "libc++";
				CLANG_ENABLE_MODULES = YES;
				CLANG_ENABLE_OBJC_ARC = YES;
				CLANG_ENABLE_OBJC_WEAK = YES;
				CLANG_WARN_BLOCK_CAPTURE_AUTORELEASING = YES;
				CLANG_WARN_BOOL_CONVERSION = YES;
				CLANG_WARN_COMMA = YES;
				CLANG_WARN_CONSTANT_CONVERSION = YES;
				CLANG_WARN_DEPRECATED_OBJC_IMPLEMENTATIONS = YES;
				CLANG_WARN_DIRECT_OBJC_ISA_USAGE = YES_ERROR;
				CLANG_WARN_DOCUMENTATION_COMMENTS = YES;
				CLANG_WARN_EMPTY_BODY = YES;
				CLANG_WARN_ENUM_CONVERSION = YES;
				CLANG_WARN_INFINITE_RECURSION = YES;
				CLANG_WARN_INT_CONVERSION = YES;
				CLANG_WARN_NON_LITERAL_NULL_CONVERSION = YES;
				CLANG_WARN_OBJC_IMPLICIT_RETAIN_SELF = YES;
				CLANG_WARN_OBJC_LITERAL_CONVERSION = YES;
				CLANG_WARN_OBJC_ROOT_CLASS = YES_ERROR;
				CLANG_WARN_RANGE_LOOP_ANALYSIS = YES;
				CLANG_WARN_STRICT_PROTOTYPES = YES;
				CLANG_WARN_SUSPICIOUS_MOVE = YES;
				CLANG_WARN_UNGUARDED_AVAILABILITY = YES_AGGRESSIVE;
				CLANG_WARN_UNREACHABLE_CODE = YES;
				CLANG_WARN__DUPLICATE_METHOD_MATCH = YES;
				COPY_PHASE_STRIP = NO;
				DEBUG_INFORMATION_FORMAT = dwarf;
				ENABLE_STRICT_OBJC_MSGSEND = YES;
				ENABLE_TESTABILITY = YES;
				GCC_C_LANGUAGE_STANDARD = gnu11;
				GCC_DYNAMIC_NO_PIC = NO;
				GCC_NO_COMMON_BLOCKS = YES;
				GCC_OPTIMIZATION_LEVEL = 0;
				GCC_PREPROCESSOR_DEFINITIONS = (
					"DEBUG=1",
					"$(inherited)",
				);
				GCC_WARN_64_TO_32_BIT_CONVERSION = YES;
				GCC_WARN_ABOUT_RETURN_TYPE = YES_ERROR;
				GCC_WARN_UNDECLARED_SELECTOR = YES;
				GCC_WARN_UNINITIALIZED_AUTOS = YES_AGGRESSIVE;
				GCC_WARN_UNUSED_FUNCTION = YES;
				GCC_WARN_UNUSED_VARIABLE = YES;
				IPHONEOS_DEPLOYMENT_TARGET = 13.2;
				MTL_ENABLE_DEBUG_INFO = INCLUDE_SOURCE;
				MTL_FAST_MATH = YES;
				ONLY_ACTIVE_ARCH = YES;
				SDKROOT = iphoneos;
				SWIFT_ACTIVE_COMPILATION_CONDITIONS = DEBUG;
				SWIFT_OPTIMIZATION_LEVEL = "-Onone";
			};
			name = Debug;
		};
		422B270A23D4914C0051D587 /* Release */ = {
			isa = XCBuildConfiguration;
			buildSettings = {
				ALWAYS_SEARCH_USER_PATHS = NO;
				CLANG_ANALYZER_NONNULL = YES;
				CLANG_ANALYZER_NUMBER_OBJECT_CONVERSION = YES_AGGRESSIVE;
				CLANG_CXX_LANGUAGE_STANDARD = "gnu++14";
				CLANG_CXX_LIBRARY = "libc++";
				CLANG_ENABLE_MODULES = YES;
				CLANG_ENABLE_OBJC_ARC = YES;
				CLANG_ENABLE_OBJC_WEAK = YES;
				CLANG_WARN_BLOCK_CAPTURE_AUTORELEASING = YES;
				CLANG_WARN_BOOL_CONVERSION = YES;
				CLANG_WARN_COMMA = YES;
				CLANG_WARN_CONSTANT_CONVERSION = YES;
				CLANG_WARN_DEPRECATED_OBJC_IMPLEMENTATIONS = YES;
				CLANG_WARN_DIRECT_OBJC_ISA_USAGE = YES_ERROR;
				CLANG_WARN_DOCUMENTATION_COMMENTS = YES;
				CLANG_WARN_EMPTY_BODY = YES;
				CLANG_WARN_ENUM_CONVERSION = YES;
				CLANG_WARN_INFINITE_RECURSION = YES;
				CLANG_WARN_INT_CONVERSION = YES;
				CLANG_WARN_NON_LITERAL_NULL_CONVERSION = YES;
				CLANG_WARN_OBJC_IMPLICIT_RETAIN_SELF = YES;
				CLANG_WARN_OBJC_LITERAL_CONVERSION = YES;
				CLANG_WARN_OBJC_ROOT_CLASS = YES_ERROR;
				CLANG_WARN_RANGE_LOOP_ANALYSIS = YES;
				CLANG_WARN_STRICT_PROTOTYPES = YES;
				CLANG_WARN_SUSPICIOUS_MOVE = YES;
				CLANG_WARN_UNGUARDED_AVAILABILITY = YES_AGGRESSIVE;
				CLANG_WARN_UNREACHABLE_CODE = YES;
				CLANG_WARN__DUPLICATE_METHOD_MATCH = YES;
				COPY_PHASE_STRIP = NO;
				DEBUG_INFORMATION_FORMAT = "dwarf-with-dsym";
				ENABLE_NS_ASSERTIONS = NO;
				ENABLE_STRICT_OBJC_MSGSEND = YES;
				GCC_C_LANGUAGE_STANDARD = gnu11;
				GCC_NO_COMMON_BLOCKS = YES;
				GCC_WARN_64_TO_32_BIT_CONVERSION = YES;
				GCC_WARN_ABOUT_RETURN_TYPE = YES_ERROR;
				GCC_WARN_UNDECLARED_SELECTOR = YES;
				GCC_WARN_UNINITIALIZED_AUTOS = YES_AGGRESSIVE;
				GCC_WARN_UNUSED_FUNCTION = YES;
				GCC_WARN_UNUSED_VARIABLE = YES;
				IPHONEOS_DEPLOYMENT_TARGET = 13.2;
				MTL_ENABLE_DEBUG_INFO = NO;
				MTL_FAST_MATH = YES;
				SDKROOT = iphoneos;
				SWIFT_COMPILATION_MODE = wholemodule;
				SWIFT_OPTIMIZATION_LEVEL = "-O";
				VALIDATE_PRODUCT = YES;
			};
			name = Release;
		};
		422B270C23D4914C0051D587 /* Debug */ = {
			isa = XCBuildConfiguration;
			buildSettings = {
				ASSETCATALOG_COMPILER_APPICON_NAME = AppIcon;
				CODE_SIGN_STYLE = Automatic;
				DEVELOPMENT_ASSET_PATHS = "\"kopuro/Preview Content\"";
				ENABLE_PREVIEWS = YES;
				INFOPLIST_FILE = kopuro/Info.plist;
				LD_RUNPATH_SEARCH_PATHS = (
					"$(inherited)",
					"@executable_path/Frameworks",
				);
				PRODUCT_BUNDLE_IDENTIFIER = toruasai.kopuro;
				PRODUCT_NAME = "$(TARGET_NAME)";
				SWIFT_VERSION = 5.0;
				TARGETED_DEVICE_FAMILY = "1,2";
			};
			name = Debug;
		};
		422B270D23D4914C0051D587 /* Release */ = {
			isa = XCBuildConfiguration;
			buildSettings = {
				ASSETCATALOG_COMPILER_APPICON_NAME = AppIcon;
				CODE_SIGN_STYLE = Automatic;
				DEVELOPMENT_ASSET_PATHS = "\"kopuro/Preview Content\"";
				ENABLE_PREVIEWS = YES;
				INFOPLIST_FILE = kopuro/Info.plist;
				LD_RUNPATH_SEARCH_PATHS = (
					"$(inherited)",
					"@executable_path/Frameworks",
				);
				PRODUCT_BUNDLE_IDENTIFIER = toruasai.kopuro;
				PRODUCT_NAME = "$(TARGET_NAME)";
				SWIFT_VERSION = 5.0;
				TARGETED_DEVICE_FAMILY = "1,2";
			};
			name = Release;
		};
		422B270F23D4914C0051D587 /* Debug */ = {
			isa = XCBuildConfiguration;
			buildSettings = {
				ALWAYS_EMBED_SWIFT_STANDARD_LIBRARIES = YES;
				BUNDLE_LOADER = "$(TEST_HOST)";
				CODE_SIGN_STYLE = Automatic;
				INFOPLIST_FILE = kopuroTests/Info.plist;
				IPHONEOS_DEPLOYMENT_TARGET = 13.2;
				LD_RUNPATH_SEARCH_PATHS = (
					"$(inherited)",
					"@executable_path/Frameworks",
					"@loader_path/Frameworks",
				);
				PRODUCT_BUNDLE_IDENTIFIER = toruasai.kopuroTests;
				PRODUCT_NAME = "$(TARGET_NAME)";
				SWIFT_VERSION = 5.0;
				TARGETED_DEVICE_FAMILY = "1,2";
				TEST_HOST = "$(BUILT_PRODUCTS_DIR)/kopuro.app/kopuro";
			};
			name = Debug;
		};
		422B271023D4914C0051D587 /* Release */ = {
			isa = XCBuildConfiguration;
			buildSettings = {
				ALWAYS_EMBED_SWIFT_STANDARD_LIBRARIES = YES;
				BUNDLE_LOADER = "$(TEST_HOST)";
				CODE_SIGN_STYLE = Automatic;
				INFOPLIST_FILE = kopuroTests/Info.plist;
				IPHONEOS_DEPLOYMENT_TARGET = 13.2;
				LD_RUNPATH_SEARCH_PATHS = (
					"$(inherited)",
					"@executable_path/Frameworks",
					"@loader_path/Frameworks",
				);
				PRODUCT_BUNDLE_IDENTIFIER = toruasai.kopuroTests;
				PRODUCT_NAME = "$(TARGET_NAME)";
				SWIFT_VERSION = 5.0;
				TARGETED_DEVICE_FAMILY = "1,2";
				TEST_HOST = "$(BUILT_PRODUCTS_DIR)/kopuro.app/kopuro";
			};
			name = Release;
		};
		422B271223D4914C0051D587 /* Debug */ = {
			isa = XCBuildConfiguration;
			buildSettings = {
				ALWAYS_EMBED_SWIFT_STANDARD_LIBRARIES = YES;
				CODE_SIGN_STYLE = Automatic;
				INFOPLIST_FILE = kopuroUITests/Info.plist;
				LD_RUNPATH_SEARCH_PATHS = (
					"$(inherited)",
					"@executable_path/Frameworks",
					"@loader_path/Frameworks",
				);
				PRODUCT_BUNDLE_IDENTIFIER = toruasai.kopuroUITests;
				PRODUCT_NAME = "$(TARGET_NAME)";
				SWIFT_VERSION = 5.0;
				TARGETED_DEVICE_FAMILY = "1,2";
				TEST_TARGET_NAME = kopuro;
			};
			name = Debug;
		};
		422B271323D4914C0051D587 /* Release */ = {
			isa = XCBuildConfiguration;
			buildSettings = {
				ALWAYS_EMBED_SWIFT_STANDARD_LIBRARIES = YES;
				CODE_SIGN_STYLE = Automatic;
				INFOPLIST_FILE = kopuroUITests/Info.plist;
				LD_RUNPATH_SEARCH_PATHS = (
					"$(inherited)",
					"@executable_path/Frameworks",
					"@loader_path/Frameworks",
				);
				PRODUCT_BUNDLE_IDENTIFIER = toruasai.kopuroUITests;
				PRODUCT_NAME = "$(TARGET_NAME)";
				SWIFT_VERSION = 5.0;
				TARGETED_DEVICE_FAMILY = "1,2";
				TEST_TARGET_NAME = kopuro;
			};
			name = Release;
		};
/* End XCBuildConfiguration section */

/* Begin XCConfigurationList section */
		422B26DC23D491470051D587 /* Build configuration list for PBXProject "kopuro" */ = {
			isa = XCConfigurationList;
			buildConfigurations = (
				422B270923D4914C0051D587 /* Debug */,
				422B270A23D4914C0051D587 /* Release */,
			);
			defaultConfigurationIsVisible = 0;
			defaultConfigurationName = Release;
		};
		422B270B23D4914C0051D587 /* Build configuration list for PBXNativeTarget "kopuro" */ = {
			isa = XCConfigurationList;
			buildConfigurations = (
				422B270C23D4914C0051D587 /* Debug */,
				422B270D23D4914C0051D587 /* Release */,
			);
			defaultConfigurationIsVisible = 0;
			defaultConfigurationName = Release;
		};
		422B270E23D4914C0051D587 /* Build configuration list for PBXNativeTarget "kopuroTests" */ = {
			isa = XCConfigurationList;
			buildConfigurations = (
				422B270F23D4914C0051D587 /* Debug */,
				422B271023D4914C0051D587 /* Release */,
			);
			defaultConfigurationIsVisible = 0;
			defaultConfigurationName = Release;
		};
		422B271123D4914C0051D587 /* Build configuration list for PBXNativeTarget "kopuroUITests" */ = {
			isa = XCConfigurationList;
			buildConfigurations = (
				422B271223D4914C0051D587 /* Debug */,
				422B271323D4914C0051D587 /* Release */,
			);
			defaultConfigurationIsVisible = 0;
			defaultConfigurationName = Release;
		};
/* End XCConfigurationList section */
	};
	rootObject = 422B26D923D491470051D587 /* Project object */;
}
